
Microsoft Visual Studio Solution File, Format Version 12.00
# Visual Studio Version 16
VisualStudioVersion = 16.0.31005.135
MinimumVisualStudioVersion = 10.0.40219.1
Project("{8BC9CEB8-8B4A-11D0-8D11-00A0C91BC942}") = "CvGameCoreDLL_Expansion2", "CvGameCoreDLL_Expansion2\CvGameCoreDLL_Expansion2.vs2013.vcxproj", "{F58F230D-EE4A-40E0-91D5-93626E790055}"
EndProject
Global
	GlobalSection(SolutionConfigurationPlatforms) = preSolution
		Debug|Win32 = Debug|Win32
		Mod|Win32 = Mod|Win32
	EndGlobalSection
	GlobalSection(ProjectConfigurationPlatforms) = postSolution
		{F58F230D-EE4A-40E0-91D5-93626E790055}.Debug|Win32.ActiveCfg = Debug|Win32
		{F58F230D-EE4A-40E0-91D5-93626E790055}.Debug|Win32.Build.0 = Debug|Win32
		{F58F230D-EE4A-40E0-91D5-93626E790055}.Mod|Win32.ActiveCfg = Mod|Win32
		{F58F230D-EE4A-40E0-91D5-93626E790055}.Mod|Win32.Build.0 = Mod|Win32
	EndGlobalSection
	GlobalSection(SolutionProperties) = preSolution
		HideSolutionNode = FALSE
	EndGlobalSection
	GlobalSection(ExtensibilityGlobals) = postSolution
		SolutionGuid = {CC8EEFE6-4AFE-48FD-B637-94304AD4967D}
	EndGlobalSection
EndGlobal
